{
  "name": "read_serato_crates",
  "version": "1.0.0",
  "lockfileVersion": 3,
  "requires": true,
  "packages": {
    "": {
      "name": "read_serato_crates",
      "version": "1.0.0",
      "license": "ISC",
      "dependencies": {
        "serato-crater": "^1.0.0"
      }
    },
    "node_modules/path-type": {
      "version": "3.0.0",
      "resolved": "https://registry.npmjs.org/path-type/-/path-type-3.0.0.tgz",
      "integrity": "sha512-T2ZUsdZFHgA3u4e5PfPbjd7HDDpxPnQb5jN0SrDsjNSuVXHJqtwTnWqG0B1jZrgmJ/7lj1EmVIByWt1gxGkWvg==",
      "dependencies": {
        "pify": "^3.0.0"
      },
      "engines": {
        "node": ">=4"
      }
    },
    "node_modules/pify": {
      "version": "3.0.0",
      "resolved": "https://registry.npmjs.org/pify/-/pify-3.0.0.tgz",
      "integrity": "sha512-C3FsVNH1udSEX48gGX1xfvwTWfsYWj5U+8/uK15BGzIGrKoUpghX8hWZwa/OFnakBiiVNmBvemTJR5mcy7iPcg==",
      "engines": {
        "node": ">=4"
      }
    },
    "node_modules/serato-crater": {
      "version": "1.0.0",
      "resolved": "https://registry.npmjs.org/serato-crater/-/serato-crater-1.0.0.tgz",
      "integrity": "sha512-FdgUu1iMmNm9JTZoJYVOzP6+q5T+4kSptaoJmoeP3iL5+7C7MC/YVCKFIahrfMSofarAYg9ii4g8c+JrxA/DmA==",
      "dependencies": {
        "path-type": "^3.0.0"
      },
      "engines": {
        "node": ">=4"
      }
    }
  }
}
